// !$*UTF8*$!
{
	archiveVersion = 1;
	classes = {
	};
	objectVersion = 46;
	objects = {

/* Begin PBXBuildFile section */
		5BF05F461B4E5E1700CBC510 /* LoginVC.m in Sources */ = {isa = PBXBuildFile; fileRef = 5BF05F441B4E5E1700CBC510 /* LoginVC.m */; };
		5BF05F471B4E5E1700CBC510 /* LoginVC.xib in Resources */ = {isa = PBXBuildFile; fileRef = 5BF05F451B4E5E1700CBC510 /* LoginVC.xib */; };
		5BF05F551B4E5EF300CBC510 /* BaseTextField.m in Sources */ = {isa = PBXBuildFile; fileRef = 5BF05F4A1B4E5EF300CBC510 /* BaseTextField.m */; };
		5BF05F561B4E5EF300CBC510 /* UIColor+Color.m in Sources */ = {isa = PBXBuildFile; fileRef = 5BF05F4C1B4E5EF300CBC510 /* UIColor+Color.m */; };
		5BF05F571B4E5EF300CBC510 /* UIImage+Color.m in Sources */ = {isa = PBXBuildFile; fileRef = 5BF05F4E1B4E5EF300CBC510 /* UIImage+Color.m */; };
		5BF05F581B4E5EF300CBC510 /* UIImageView+MJWebCache.m in Sources */ = {isa = PBXBuildFile; fileRef = 5BF05F501B4E5EF300CBC510 /* UIImageView+MJWebCache.m */; };
		5BF05F591B4E5EF300CBC510 /* UIViewController+DismissKeyboard.m in Sources */ = {isa = PBXBuildFile; fileRef = 5BF05F521B4E5EF300CBC510 /* UIViewController+DismissKeyboard.m */; };
		5BF05F5A1B4E5EF300CBC510 /* UIViewExt.m in Sources */ = {isa = PBXBuildFile; fileRef = 5BF05F541B4E5EF300CBC510 /* UIViewExt.m */; };
		5BF05F7F1B4E5F7100CBC510 /* MKAnnotationView+WebCache.m in Sources */ = {isa = PBXBuildFile; fileRef = 5BF05F5D1B4E5F7100CBC510 /* MKAnnotationView+WebCache.m */; };
		5BF05F801B4E5F7100CBC510 /* NSData+GIF.m in Sources */ = {isa = PBXBuildFile; fileRef = 5BF05F5F1B4E5F7100CBC510 /* NSData+GIF.m */; };
		5BF05F811B4E5F7100CBC510 /* NSData+ImageContentType.m in Sources */ = {isa = PBXBuildFile; fileRef = 5BF05F611B4E5F7100CBC510 /* NSData+ImageContentType.m */; };
		5BF05F821B4E5F7100CBC510 /* SDImageCache.m in Sources */ = {isa = PBXBuildFile; fileRef = 5BF05F631B4E5F7100CBC510 /* SDImageCache.m */; };
		5BF05F831B4E5F7100CBC510 /* SDWebImageCompat.m in Sources */ = {isa = PBXBuildFile; fileRef = 5BF05F651B4E5F7100CBC510 /* SDWebImageCompat.m */; };
		5BF05F841B4E5F7100CBC510 /* SDWebImageDecoder.m in Sources */ = {isa = PBXBuildFile; fileRef = 5BF05F671B4E5F7100CBC510 /* SDWebImageDecoder.m */; };
		5BF05F851B4E5F7100CBC510 /* SDWebImageDownloader.m in Sources */ = {isa = PBXBuildFile; fileRef = 5BF05F691B4E5F7100CBC510 /* SDWebImageDownloader.m */; };
		5BF05F861B4E5F7100CBC510 /* SDWebImageDownloaderOperation.m in Sources */ = {isa = PBXBuildFile; fileRef = 5BF05F6B1B4E5F7100CBC510 /* SDWebImageDownloaderOperation.m */; };
		5BF05F871B4E5F7100CBC510 /* SDWebImageManager+MJ.m in Sources */ = {isa = PBXBuildFile; fileRef = 5BF05F6D1B4E5F7100CBC510 /* SDWebImageManager+MJ.m */; };
		5BF05F881B4E5F7100CBC510 /* SDWebImageManager.m in Sources */ = {isa = PBXBuildFile; fileRef = 5BF05F6F1B4E5F7100CBC510 /* SDWebImageManager.m */; };
		5BF05F891B4E5F7100CBC510 /* SDWebImagePrefetcher.m in Sources */ = {isa = PBXBuildFile; fileRef = 5BF05F721B4E5F7100CBC510 /* SDWebImagePrefetcher.m */; };
		5BF05F8A1B4E5F7100CBC510 /* UIButton+WebCache.m in Sources */ = {isa = PBXBuildFile; fileRef = 5BF05F741B4E5F7100CBC510 /* UIButton+WebCache.m */; };
		5BF05F8B1B4E5F7100CBC510 /* UIImage+GIF.m in Sources */ = {isa = PBXBuildFile; fileRef = 5BF05F761B4E5F7100CBC510 /* UIImage+GIF.m */; };
		5BF05F8C1B4E5F7100CBC510 /* UIImage+MultiFormat.m in Sources */ = {isa = PBXBuildFile; fileRef = 5BF05F781B4E5F7100CBC510 /* UIImage+MultiFormat.m */; };
		5BF05F8D1B4E5F7100CBC510 /* UIImage+WebP.m in Sources */ = {isa = PBXBuildFile; fileRef = 5BF05F7A1B4E5F7100CBC510 /* UIImage+WebP.m */; };
		5BF05F8E1B4E5F7100CBC510 /* UIImageView+MJWebCache.m in Sources */ = {isa = PBXBuildFile; fileRef = 5BF05F7C1B4E5F7100CBC510 /* UIImageView+MJWebCache.m */; };
		5BF05F8F1B4E5F7100CBC510 /* UIImageView+WebCache.m in Sources */ = {isa = PBXBuildFile; fileRef = 5BF05F7E1B4E5F7100CBC510 /* UIImageView+WebCache.m */; };
		5BF05F931B4E604C00CBC510 /* BaseViewController.m in Sources */ = {isa = PBXBuildFile; fileRef = 5BF05F921B4E604C00CBC510 /* BaseViewController.m */; };
		5BF05F991B4E610500CBC510 /* RegistVC.m in Sources */ = {isa = PBXBuildFile; fileRef = 5BF05F951B4E610500CBC510 /* RegistVC.m */; };
		5BF05F9A1B4E610500CBC510 /* RegistVC.xib in Resources */ = {isa = PBXBuildFile; fileRef = 5BF05F961B4E610500CBC510 /* RegistVC.xib */; };
		5BF05F9B1B4E610500CBC510 /* UserInfo.m in Sources */ = {isa = PBXBuildFile; fileRef = 5BF05F981B4E610500CBC510 /* UserInfo.m */; };
		9F50E50D1B4E577600AB6BD8 /* Main.storyboard in Resources */ = {isa = PBXBuildFile; fileRef = 9F50E50B1B4E577600AB6BD8 /* Main.storyboard */; };
		9F50E5121B4E577600AB6BD8 /* LaunchScreen.xib in Resources */ = {isa = PBXBuildFile; fileRef = 9F50E5101B4E577600AB6BD8 /* LaunchScreen.xib */; };
		9F50E51E1B4E577700AB6BD8 /* bluebaoTests.m in Sources */ = {isa = PBXBuildFile; fileRef = 9F50E51D1B4E577700AB6BD8 /* bluebaoTests.m */; };
		9F91E7DD1B4E5AB70013F4F1 /* AppDelegate.m in Sources */ = {isa = PBXBuildFile; fileRef = 9F91E7D81B4E5AB70013F4F1 /* AppDelegate.m */; };
		9F91E7DE1B4E5AB70013F4F1 /* Info.plist in Resources */ = {isa = PBXBuildFile; fileRef = 9F91E7D91B4E5AB70013F4F1 /* Info.plist */; };
		9F91E7DF1B4E5AB70013F4F1 /* main.m in Sources */ = {isa = PBXBuildFile; fileRef = 9F91E7DA1B4E5AB70013F4F1 /* main.m */; };
		9F91E7E01B4E5AB70013F4F1 /* ViewController.m in Sources */ = {isa = PBXBuildFile; fileRef = 9F91E7DC1B4E5AB70013F4F1 /* ViewController.m */; };
		9F91E7F91B4E5AE80013F4F1 /* AFHTTPRequestOperation.m in Sources */ = {isa = PBXBuildFile; fileRef = 9F91E7E71B4E5AE80013F4F1 /* AFHTTPRequestOperation.m */; };
		9F91E7FA1B4E5AE80013F4F1 /* AFHTTPRequestOperationManager.m in Sources */ = {isa = PBXBuildFile; fileRef = 9F91E7E91B4E5AE80013F4F1 /* AFHTTPRequestOperationManager.m */; };
		9F91E7FB1B4E5AE80013F4F1 /* AFHTTPSessionManager.m in Sources */ = {isa = PBXBuildFile; fileRef = 9F91E7EB1B4E5AE80013F4F1 /* AFHTTPSessionManager.m */; };
		9F91E7FC1B4E5AE80013F4F1 /* AFNetworkReachabilityManager.m in Sources */ = {isa = PBXBuildFile; fileRef = 9F91E7EE1B4E5AE80013F4F1 /* AFNetworkReachabilityManager.m */; };
		9F91E7FD1B4E5AE80013F4F1 /* AFSecurityPolicy.m in Sources */ = {isa = PBXBuildFile; fileRef = 9F91E7F01B4E5AE80013F4F1 /* AFSecurityPolicy.m */; };
		9F91E7FE1B4E5AE80013F4F1 /* AFURLConnectionOperation.m in Sources */ = {isa = PBXBuildFile; fileRef = 9F91E7F21B4E5AE80013F4F1 /* AFURLConnectionOperation.m */; };
		9F91E7FF1B4E5AE80013F4F1 /* AFURLRequestSerialization.m in Sources */ = {isa = PBXBuildFile; fileRef = 9F91E7F41B4E5AE80013F4F1 /* AFURLRequestSerialization.m */; };
		9F91E8001B4E5AE80013F4F1 /* AFURLResponseSerialization.m in Sources */ = {isa = PBXBuildFile; fileRef = 9F91E7F61B4E5AE80013F4F1 /* AFURLResponseSerialization.m */; };
		9F91E8011B4E5AE80013F4F1 /* AFURLSessionManager.m in Sources */ = {isa = PBXBuildFile; fileRef = 9F91E7F81B4E5AE80013F4F1 /* AFURLSessionManager.m */; };
		9F91E8031B4E5AFE0013F4F1 /* test in Resources */ = {isa = PBXBuildFile; fileRef = 9F91E8021B4E5AFE0013F4F1 /* test */; };
		9F91E8051B4E5B440013F4F1 /* CoreBluetooth.framework in Frameworks */ = {isa = PBXBuildFile; fileRef = 9F91E8041B4E5B440013F4F1 /* CoreBluetooth.framework */; };
		9F91E8071B4E5B570013F4F1 /* CFNetwork.framework in Frameworks */ = {isa = PBXBuildFile; fileRef = 9F91E8061B4E5B570013F4F1 /* CFNetwork.framework */; };
/* End PBXBuildFile section */

/* Begin PBXContainerItemProxy section */
		9F50E5181B4E577700AB6BD8 /* PBXContainerItemProxy */ = {
			isa = PBXContainerItemProxy;
			containerPortal = 9F50E4F61B4E577600AB6BD8 /* Project object */;
			proxyType = 1;
			remoteGlobalIDString = 9F50E4FD1B4E577600AB6BD8;
			remoteInfo = bluebao;
		};
/* End PBXContainerItemProxy section */

/* Begin PBXFileReference section */
		5BF05F431B4E5E1700CBC510 /* LoginVC.h */ = {isa = PBXFileReference; fileEncoding = 4; lastKnownFileType = sourcecode.c.h; path = LoginVC.h; sourceTree = "<group>"; };
		5BF05F441B4E5E1700CBC510 /* LoginVC.m */ = {isa = PBXFileReference; fileEncoding = 4; lastKnownFileType = sourcecode.c.objc; path = LoginVC.m; sourceTree = "<group>"; };
		5BF05F451B4E5E1700CBC510 /* LoginVC.xib */ = {isa = PBXFileReference; fileEncoding = 4; lastKnownFileType = file.xib; path = LoginVC.xib; sourceTree = "<group>"; };
		5BF05F491B4E5EF300CBC510 /* BaseTextField.h */ = {isa = PBXFileReference; fileEncoding = 4; lastKnownFileType = sourcecode.c.h; path = BaseTextField.h; sourceTree = "<group>"; };
		5BF05F4A1B4E5EF300CBC510 /* BaseTextField.m */ = {isa = PBXFileReference; fileEncoding = 4; lastKnownFileType = sourcecode.c.objc; path = BaseTextField.m; sourceTree = "<group>"; };
		5BF05F4B1B4E5EF300CBC510 /* UIColor+Color.h */ = {isa = PBXFileReference; fileEncoding = 4; lastKnownFileType = sourcecode.c.h; path = "UIColor+Color.h"; sourceTree = "<group>"; };
		5BF05F4C1B4E5EF300CBC510 /* UIColor+Color.m */ = {isa = PBXFileReference; fileEncoding = 4; lastKnownFileType = sourcecode.c.objc; path = "UIColor+Color.m"; sourceTree = "<group>"; };
		5BF05F4D1B4E5EF300CBC510 /* UIImage+Color.h */ = {isa = PBXFileReference; fileEncoding = 4; lastKnownFileType = sourcecode.c.h; path = "UIImage+Color.h"; sourceTree = "<group>"; };
		5BF05F4E1B4E5EF300CBC510 /* UIImage+Color.m */ = {isa = PBXFileReference; fileEncoding = 4; lastKnownFileType = sourcecode.c.objc; path = "UIImage+Color.m"; sourceTree = "<group>"; };
		5BF05F4F1B4E5EF300CBC510 /* UIImageView+MJWebCache.h */ = {isa = PBXFileReference; fileEncoding = 4; lastKnownFileType = sourcecode.c.h; path = "UIImageView+MJWebCache.h"; sourceTree = "<group>"; };
		5BF05F501B4E5EF300CBC510 /* UIImageView+MJWebCache.m */ = {isa = PBXFileReference; fileEncoding = 4; lastKnownFileType = sourcecode.c.objc; path = "UIImageView+MJWebCache.m"; sourceTree = "<group>"; };
		5BF05F511B4E5EF300CBC510 /* UIViewController+DismissKeyboard.h */ = {isa = PBXFileReference; fileEncoding = 4; lastKnownFileType = sourcecode.c.h; path = "UIViewController+DismissKeyboard.h"; sourceTree = "<group>"; };
		5BF05F521B4E5EF300CBC510 /* UIViewController+DismissKeyboard.m */ = {isa = PBXFileReference; fileEncoding = 4; lastKnownFileType = sourcecode.c.objc; path = "UIViewController+DismissKeyboard.m"; sourceTree = "<group>"; };
		5BF05F531B4E5EF300CBC510 /* UIViewExt.h */ = {isa = PBXFileReference; fileEncoding = 4; lastKnownFileType = sourcecode.c.h; path = UIViewExt.h; sourceTree = "<group>"; };
		5BF05F541B4E5EF300CBC510 /* UIViewExt.m */ = {isa = PBXFileReference; fileEncoding = 4; lastKnownFileType = sourcecode.c.objc; path = UIViewExt.m; sourceTree = "<group>"; };
		5BF05F5C1B4E5F7100CBC510 /* MKAnnotationView+WebCache.h */ = {isa = PBXFileReference; fileEncoding = 4; lastKnownFileType = sourcecode.c.h; path = "MKAnnotationView+WebCache.h"; sourceTree = "<group>"; };
		5BF05F5D1B4E5F7100CBC510 /* MKAnnotationView+WebCache.m */ = {isa = PBXFileReference; fileEncoding = 4; lastKnownFileType = sourcecode.c.objc; path = "MKAnnotationView+WebCache.m"; sourceTree = "<group>"; };
		5BF05F5E1B4E5F7100CBC510 /* NSData+GIF.h */ = {isa = PBXFileReference; fileEncoding = 4; lastKnownFileType = sourcecode.c.h; path = "NSData+GIF.h"; sourceTree = "<group>"; };
		5BF05F5F1B4E5F7100CBC510 /* NSData+GIF.m */ = {isa = PBXFileReference; fileEncoding = 4; lastKnownFileType = sourcecode.c.objc; path = "NSData+GIF.m"; sourceTree = "<group>"; };
		5BF05F601B4E5F7100CBC510 /* NSData+ImageContentType.h */ = {isa = PBXFileReference; fileEncoding = 4; lastKnownFileType = sourcecode.c.h; path = "NSData+ImageContentType.h"; sourceTree = "<group>"; };
		5BF05F611B4E5F7100CBC510 /* NSData+ImageContentType.m */ = {isa = PBXFileReference; fileEncoding = 4; lastKnownFileType = sourcecode.c.objc; path = "NSData+ImageContentType.m"; sourceTree = "<group>"; };
		5BF05F621B4E5F7100CBC510 /* SDImageCache.h */ = {isa = PBXFileReference; fileEncoding = 4; lastKnownFileType = sourcecode.c.h; path = SDImageCache.h; sourceTree = "<group>"; };
		5BF05F631B4E5F7100CBC510 /* SDImageCache.m */ = {isa = PBXFileReference; fileEncoding = 4; lastKnownFileType = sourcecode.c.objc; path = SDImageCache.m; sourceTree = "<group>"; };
		5BF05F641B4E5F7100CBC510 /* SDWebImageCompat.h */ = {isa = PBXFileReference; fileEncoding = 4; lastKnownFileType = sourcecode.c.h; path = SDWebImageCompat.h; sourceTree = "<group>"; };
		5BF05F651B4E5F7100CBC510 /* SDWebImageCompat.m */ = {isa = PBXFileReference; fileEncoding = 4; lastKnownFileType = sourcecode.c.objc; path = SDWebImageCompat.m; sourceTree = "<group>"; };
		5BF05F661B4E5F7100CBC510 /* SDWebImageDecoder.h */ = {isa = PBXFileReference; fileEncoding = 4; lastKnownFileType = sourcecode.c.h; path = SDWebImageDecoder.h; sourceTree = "<group>"; };
		5BF05F671B4E5F7100CBC510 /* SDWebImageDecoder.m */ = {isa = PBXFileReference; fileEncoding = 4; lastKnownFileType = sourcecode.c.objc; path = SDWebImageDecoder.m; sourceTree = "<group>"; };
		5BF05F681B4E5F7100CBC510 /* SDWebImageDownloader.h */ = {isa = PBXFileReference; fileEncoding = 4; lastKnownFileType = sourcecode.c.h; path = SDWebImageDownloader.h; sourceTree = "<group>"; };
		5BF05F691B4E5F7100CBC510 /* SDWebImageDownloader.m */ = {isa = PBXFileReference; fileEncoding = 4; lastKnownFileType = sourcecode.c.objc; path = SDWebImageDownloader.m; sourceTree = "<group>"; };
		5BF05F6A1B4E5F7100CBC510 /* SDWebImageDownloaderOperation.h */ = {isa = PBXFileReference; fileEncoding = 4; lastKnownFileType = sourcecode.c.h; path = SDWebImageDownloaderOperation.h; sourceTree = "<group>"; };
		5BF05F6B1B4E5F7100CBC510 /* SDWebImageDownloaderOperation.m */ = {isa = PBXFileReference; fileEncoding = 4; lastKnownFileType = sourcecode.c.objc; path = SDWebImageDownloaderOperation.m; sourceTree = "<group>"; };
		5BF05F6C1B4E5F7100CBC510 /* SDWebImageManager+MJ.h */ = {isa = PBXFileReference; fileEncoding = 4; lastKnownFileType = sourcecode.c.h; path = "SDWebImageManager+MJ.h"; sourceTree = "<group>"; };
		5BF05F6D1B4E5F7100CBC510 /* SDWebImageManager+MJ.m */ = {isa = PBXFileReference; fileEncoding = 4; lastKnownFileType = sourcecode.c.objc; path = "SDWebImageManager+MJ.m"; sourceTree = "<group>"; };
		5BF05F6E1B4E5F7100CBC510 /* SDWebImageManager.h */ = {isa = PBXFileReference; fileEncoding = 4; lastKnownFileType = sourcecode.c.h; path = SDWebImageManager.h; sourceTree = "<group>"; };
		5BF05F6F1B4E5F7100CBC510 /* SDWebImageManager.m */ = {isa = PBXFileReference; fileEncoding = 4; lastKnownFileType = sourcecode.c.objc; path = SDWebImageManager.m; sourceTree = "<group>"; };
		5BF05F701B4E5F7100CBC510 /* SDWebImageOperation.h */ = {isa = PBXFileReference; fileEncoding = 4; lastKnownFileType = sourcecode.c.h; path = SDWebImageOperation.h; sourceTree = "<group>"; };
		5BF05F711B4E5F7100CBC510 /* SDWebImagePrefetcher.h */ = {isa = PBXFileReference; fileEncoding = 4; lastKnownFileType = sourcecode.c.h; path = SDWebImagePrefetcher.h; sourceTree = "<group>"; };
		5BF05F721B4E5F7100CBC510 /* SDWebImagePrefetcher.m */ = {isa = PBXFileReference; fileEncoding = 4; lastKnownFileType = sourcecode.c.objc; path = SDWebImagePrefetcher.m; sourceTree = "<group>"; };
		5BF05F731B4E5F7100CBC510 /* UIButton+WebCache.h */ = {isa = PBXFileReference; fileEncoding = 4; lastKnownFileType = sourcecode.c.h; path = "UIButton+WebCache.h"; sourceTree = "<group>"; };
		5BF05F741B4E5F7100CBC510 /* UIButton+WebCache.m */ = {isa = PBXFileReference; fileEncoding = 4; lastKnownFileType = sourcecode.c.objc; path = "UIButton+WebCache.m"; sourceTree = "<group>"; };
		5BF05F751B4E5F7100CBC510 /* UIImage+GIF.h */ = {isa = PBXFileReference; fileEncoding = 4; lastKnownFileType = sourcecode.c.h; path = "UIImage+GIF.h"; sourceTree = "<group>"; };
		5BF05F761B4E5F7100CBC510 /* UIImage+GIF.m */ = {isa = PBXFileReference; fileEncoding = 4; lastKnownFileType = sourcecode.c.objc; path = "UIImage+GIF.m"; sourceTree = "<group>"; };
		5BF05F771B4E5F7100CBC510 /* UIImage+MultiFormat.h */ = {isa = PBXFileReference; fileEncoding = 4; lastKnownFileType = sourcecode.c.h; path = "UIImage+MultiFormat.h"; sourceTree = "<group>"; };
		5BF05F781B4E5F7100CBC510 /* UIImage+MultiFormat.m */ = {isa = PBXFileReference; fileEncoding = 4; lastKnownFileType = sourcecode.c.objc; path = "UIImage+MultiFormat.m"; sourceTree = "<group>"; };
		5BF05F791B4E5F7100CBC510 /* UIImage+WebP.h */ = {isa = PBXFileReference; fileEncoding = 4; lastKnownFileType = sourcecode.c.h; path = "UIImage+WebP.h"; sourceTree = "<group>"; };
		5BF05F7A1B4E5F7100CBC510 /* UIImage+WebP.m */ = {isa = PBXFileReference; fileEncoding = 4; lastKnownFileType = sourcecode.c.objc; path = "UIImage+WebP.m"; sourceTree = "<group>"; };
		5BF05F7B1B4E5F7100CBC510 /* UIImageView+MJWebCache.h */ = {isa = PBXFileReference; fileEncoding = 4; lastKnownFileType = sourcecode.c.h; path = "UIImageView+MJWebCache.h"; sourceTree = "<group>"; };
		5BF05F7C1B4E5F7100CBC510 /* UIImageView+MJWebCache.m */ = {isa = PBXFileReference; fileEncoding = 4; lastKnownFileType = sourcecode.c.objc; path = "UIImageView+MJWebCache.m"; sourceTree = "<group>"; };
		5BF05F7D1B4E5F7100CBC510 /* UIImageView+WebCache.h */ = {isa = PBXFileReference; fileEncoding = 4; lastKnownFileType = sourcecode.c.h; path = "UIImageView+WebCache.h"; sourceTree = "<group>"; };
		5BF05F7E1B4E5F7100CBC510 /* UIImageView+WebCache.m */ = {isa = PBXFileReference; fileEncoding = 4; lastKnownFileType = sourcecode.c.objc; path = "UIImageView+WebCache.m"; sourceTree = "<group>"; };
		5BF05F911B4E604C00CBC510 /* BaseViewController.h */ = {isa = PBXFileReference; fileEncoding = 4; lastKnownFileType = sourcecode.c.h; path = BaseViewController.h; sourceTree = "<group>"; };
		5BF05F921B4E604C00CBC510 /* BaseViewController.m */ = {isa = PBXFileReference; fileEncoding = 4; lastKnownFileType = sourcecode.c.objc; path = BaseViewController.m; sourceTree = "<group>"; };
		5BF05F941B4E610500CBC510 /* RegistVC.h */ = {isa = PBXFileReference; fileEncoding = 4; lastKnownFileType = sourcecode.c.h; path = RegistVC.h; sourceTree = "<group>"; };
		5BF05F951B4E610500CBC510 /* RegistVC.m */ = {isa = PBXFileReference; fileEncoding = 4; lastKnownFileType = sourcecode.c.objc; path = RegistVC.m; sourceTree = "<group>"; };
		5BF05F961B4E610500CBC510 /* RegistVC.xib */ = {isa = PBXFileReference; fileEncoding = 4; lastKnownFileType = file.xib; path = RegistVC.xib; sourceTree = "<group>"; };
		5BF05F971B4E610500CBC510 /* UserInfo.h */ = {isa = PBXFileReference; fileEncoding = 4; lastKnownFileType = sourcecode.c.h; path = UserInfo.h; sourceTree = "<group>"; };
		5BF05F981B4E610500CBC510 /* UserInfo.m */ = {isa = PBXFileReference; fileEncoding = 4; lastKnownFileType = sourcecode.c.objc; path = UserInfo.m; sourceTree = "<group>"; };
		9F50E4FE1B4E577600AB6BD8 /* bluebao.app */ = {isa = PBXFileReference; explicitFileType = wrapper.application; includeInIndex = 0; path = bluebao.app; sourceTree = BUILT_PRODUCTS_DIR; };
		9F50E50C1B4E577600AB6BD8 /* Base */ = {isa = PBXFileReference; lastKnownFileType = file.storyboard; name = Base; path = Base.lproj/Main.storyboard; sourceTree = "<group>"; };
		9F50E5111B4E577600AB6BD8 /* Base */ = {isa = PBXFileReference; lastKnownFileType = file.xib; name = Base; path = Base.lproj/LaunchScreen.xib; sourceTree = "<group>"; };
		9F50E5171B4E577700AB6BD8 /* bluebaoTests.xctest */ = {isa = PBXFileReference; explicitFileType = wrapper.cfbundle; includeInIndex = 0; path = bluebaoTests.xctest; sourceTree = BUILT_PRODUCTS_DIR; };
		9F50E51C1B4E577700AB6BD8 /* Info.plist */ = {isa = PBXFileReference; lastKnownFileType = text.plist.xml; path = Info.plist; sourceTree = "<group>"; };
		9F50E51D1B4E577700AB6BD8 /* bluebaoTests.m */ = {isa = PBXFileReference; lastKnownFileType = sourcecode.c.objc; path = bluebaoTests.m; sourceTree = "<group>"; };
		9F91E7D71B4E5AB70013F4F1 /* AppDelegate.h */ = {isa = PBXFileReference; fileEncoding = 4; lastKnownFileType = sourcecode.c.h; name = AppDelegate.h; path = Common/AppDelegate.h; sourceTree = "<group>"; };
		9F91E7D81B4E5AB70013F4F1 /* AppDelegate.m */ = {isa = PBXFileReference; fileEncoding = 4; lastKnownFileType = sourcecode.c.objc; name = AppDelegate.m; path = Common/AppDelegate.m; sourceTree = "<group>"; };
		9F91E7D91B4E5AB70013F4F1 /* Info.plist */ = {isa = PBXFileReference; fileEncoding = 4; lastKnownFileType = text.plist.xml; name = Info.plist; path = Common/Info.plist; sourceTree = "<group>"; };
		9F91E7DA1B4E5AB70013F4F1 /* main.m */ = {isa = PBXFileReference; fileEncoding = 4; lastKnownFileType = sourcecode.c.objc; name = main.m; path = Common/main.m; sourceTree = "<group>"; };
		9F91E7DB1B4E5AB70013F4F1 /* ViewController.h */ = {isa = PBXFileReference; fileEncoding = 4; lastKnownFileType = sourcecode.c.h; name = ViewController.h; path = Common/ViewController.h; sourceTree = "<group>"; };
		9F91E7DC1B4E5AB70013F4F1 /* ViewController.m */ = {isa = PBXFileReference; fileEncoding = 4; lastKnownFileType = sourcecode.c.objc; name = ViewController.m; path = Common/ViewController.m; sourceTree = "<group>"; };
		9F91E7E61B4E5AE80013F4F1 /* AFHTTPRequestOperation.h */ = {isa = PBXFileReference; fileEncoding = 4; lastKnownFileType = sourcecode.c.h; path = AFHTTPRequestOperation.h; sourceTree = "<group>"; };
		9F91E7E71B4E5AE80013F4F1 /* AFHTTPRequestOperation.m */ = {isa = PBXFileReference; fileEncoding = 4; lastKnownFileType = sourcecode.c.objc; path = AFHTTPRequestOperation.m; sourceTree = "<group>"; };
		9F91E7E81B4E5AE80013F4F1 /* AFHTTPRequestOperationManager.h */ = {isa = PBXFileReference; fileEncoding = 4; lastKnownFileType = sourcecode.c.h; path = AFHTTPRequestOperationManager.h; sourceTree = "<group>"; };
		9F91E7E91B4E5AE80013F4F1 /* AFHTTPRequestOperationManager.m */ = {isa = PBXFileReference; fileEncoding = 4; lastKnownFileType = sourcecode.c.objc; path = AFHTTPRequestOperationManager.m; sourceTree = "<group>"; };
		9F91E7EA1B4E5AE80013F4F1 /* AFHTTPSessionManager.h */ = {isa = PBXFileReference; fileEncoding = 4; lastKnownFileType = sourcecode.c.h; path = AFHTTPSessionManager.h; sourceTree = "<group>"; };
		9F91E7EB1B4E5AE80013F4F1 /* AFHTTPSessionManager.m */ = {isa = PBXFileReference; fileEncoding = 4; lastKnownFileType = sourcecode.c.objc; path = AFHTTPSessionManager.m; sourceTree = "<group>"; };
		9F91E7EC1B4E5AE80013F4F1 /* AFNetworking.h */ = {isa = PBXFileReference; fileEncoding = 4; lastKnownFileType = sourcecode.c.h; path = AFNetworking.h; sourceTree = "<group>"; };
		9F91E7ED1B4E5AE80013F4F1 /* AFNetworkReachabilityManager.h */ = {isa = PBXFileReference; fileEncoding = 4; lastKnownFileType = sourcecode.c.h; path = AFNetworkReachabilityManager.h; sourceTree = "<group>"; };
		9F91E7EE1B4E5AE80013F4F1 /* AFNetworkReachabilityManager.m */ = {isa = PBXFileReference; fileEncoding = 4; lastKnownFileType = sourcecode.c.objc; path = AFNetworkReachabilityManager.m; sourceTree = "<group>"; };
		9F91E7EF1B4E5AE80013F4F1 /* AFSecurityPolicy.h */ = {isa = PBXFileReference; fileEncoding = 4; lastKnownFileType = sourcecode.c.h; path = AFSecurityPolicy.h; sourceTree = "<group>"; };
		9F91E7F01B4E5AE80013F4F1 /* AFSecurityPolicy.m */ = {isa = PBXFileReference; fileEncoding = 4; lastKnownFileType = sourcecode.c.objc; path = AFSecurityPolicy.m; sourceTree = "<group>"; };
		9F91E7F11B4E5AE80013F4F1 /* AFURLConnectionOperation.h */ = {isa = PBXFileReference; fileEncoding = 4; lastKnownFileType = sourcecode.c.h; path = AFURLConnectionOperation.h; sourceTree = "<group>"; };
		9F91E7F21B4E5AE80013F4F1 /* AFURLConnectionOperation.m */ = {isa = PBXFileReference; fileEncoding = 4; lastKnownFileType = sourcecode.c.objc; path = AFURLConnectionOperation.m; sourceTree = "<group>"; };
		9F91E7F31B4E5AE80013F4F1 /* AFURLRequestSerialization.h */ = {isa = PBXFileReference; fileEncoding = 4; lastKnownFileType = sourcecode.c.h; path = AFURLRequestSerialization.h; sourceTree = "<group>"; };
		9F91E7F41B4E5AE80013F4F1 /* AFURLRequestSerialization.m */ = {isa = PBXFileReference; fileEncoding = 4; lastKnownFileType = sourcecode.c.objc; path = AFURLRequestSerialization.m; sourceTree = "<group>"; };
		9F91E7F51B4E5AE80013F4F1 /* AFURLResponseSerialization.h */ = {isa = PBXFileReference; fileEncoding = 4; lastKnownFileType = sourcecode.c.h; path = AFURLResponseSerialization.h; sourceTree = "<group>"; };
		9F91E7F61B4E5AE80013F4F1 /* AFURLResponseSerialization.m */ = {isa = PBXFileReference; fileEncoding = 4; lastKnownFileType = sourcecode.c.objc; path = AFURLResponseSerialization.m; sourceTree = "<group>"; };
		9F91E7F71B4E5AE80013F4F1 /* AFURLSessionManager.h */ = {isa = PBXFileReference; fileEncoding = 4; lastKnownFileType = sourcecode.c.h; path = AFURLSessionManager.h; sourceTree = "<group>"; };
		9F91E7F81B4E5AE80013F4F1 /* AFURLSessionManager.m */ = {isa = PBXFileReference; fileEncoding = 4; lastKnownFileType = sourcecode.c.objc; path = AFURLSessionManager.m; sourceTree = "<group>"; };
		9F91E8021B4E5AFE0013F4F1 /* test */ = {isa = PBXFileReference; fileEncoding = 4; lastKnownFileType = text; name = test; path = Modules/test; sourceTree = "<group>"; };
		9F91E8041B4E5B440013F4F1 /* CoreBluetooth.framework */ = {isa = PBXFileReference; lastKnownFileType = wrapper.framework; name = CoreBluetooth.framework; path = System/Library/Frameworks/CoreBluetooth.framework; sourceTree = SDKROOT; };
		9F91E8061B4E5B570013F4F1 /* CFNetwork.framework */ = {isa = PBXFileReference; lastKnownFileType = wrapper.framework; name = CFNetwork.framework; path = System/Library/Frameworks/CFNetwork.framework; sourceTree = SDKROOT; };
/* End PBXFileReference section */

/* Begin PBXFrameworksBuildPhase section */
		9F50E4FB1B4E577600AB6BD8 /* Frameworks */ = {
			isa = PBXFrameworksBuildPhase;
			buildActionMask = 2147483647;
			files = (
				9F91E8071B4E5B570013F4F1 /* CFNetwork.framework in Frameworks */,
				9F91E8051B4E5B440013F4F1 /* CoreBluetooth.framework in Frameworks */,
			);
			runOnlyForDeploymentPostprocessing = 0;
		};
		9F50E5141B4E577700AB6BD8 /* Frameworks */ = {
			isa = PBXFrameworksBuildPhase;
			buildActionMask = 2147483647;
			files = (
			);
			runOnlyForDeploymentPostprocessing = 0;
		};
/* End PBXFrameworksBuildPhase section */

/* Begin PBXGroup section */
		5BF05F421B4E5E1700CBC510 /* 登录 */ = {
			isa = PBXGroup;
			children = (
				5BF05F941B4E610500CBC510 /* RegistVC.h */,
				5BF05F951B4E610500CBC510 /* RegistVC.m */,
				5BF05F961B4E610500CBC510 /* RegistVC.xib */,
				5BF05F971B4E610500CBC510 /* UserInfo.h */,
				5BF05F981B4E610500CBC510 /* UserInfo.m */,
				5BF05F431B4E5E1700CBC510 /* LoginVC.h */,
				5BF05F441B4E5E1700CBC510 /* LoginVC.m */,
				5BF05F451B4E5E1700CBC510 /* LoginVC.xib */,
			);
			name = "登录";
			path = "Modules/登录";
			sourceTree = "<group>";
		};
		5BF05F481B4E5EF300CBC510 /* Category */ = {
			isa = PBXGroup;
			children = (
				5BF05F491B4E5EF300CBC510 /* BaseTextField.h */,
				5BF05F4A1B4E5EF300CBC510 /* BaseTextField.m */,
				5BF05F4B1B4E5EF300CBC510 /* UIColor+Color.h */,
				5BF05F4C1B4E5EF300CBC510 /* UIColor+Color.m */,
				5BF05F4D1B4E5EF300CBC510 /* UIImage+Color.h */,
				5BF05F4E1B4E5EF300CBC510 /* UIImage+Color.m */,
				5BF05F4F1B4E5EF300CBC510 /* UIImageView+MJWebCache.h */,
				5BF05F501B4E5EF300CBC510 /* UIImageView+MJWebCache.m */,
				5BF05F511B4E5EF300CBC510 /* UIViewController+DismissKeyboard.h */,
				5BF05F521B4E5EF300CBC510 /* UIViewController+DismissKeyboard.m */,
				5BF05F531B4E5EF300CBC510 /* UIViewExt.h */,
				5BF05F541B4E5EF300CBC510 /* UIViewExt.m */,
			);
			path = Category;
			sourceTree = "<group>";
		};
		5BF05F5B1B4E5F7100CBC510 /* SDWebImage */ = {
			isa = PBXGroup;
			children = (
				5BF05F5C1B4E5F7100CBC510 /* MKAnnotationView+WebCache.h */,
				5BF05F5D1B4E5F7100CBC510 /* MKAnnotationView+WebCache.m */,
				5BF05F5E1B4E5F7100CBC510 /* NSData+GIF.h */,
				5BF05F5F1B4E5F7100CBC510 /* NSData+GIF.m */,
				5BF05F601B4E5F7100CBC510 /* NSData+ImageContentType.h */,
				5BF05F611B4E5F7100CBC510 /* NSData+ImageContentType.m */,
				5BF05F621B4E5F7100CBC510 /* SDImageCache.h */,
				5BF05F631B4E5F7100CBC510 /* SDImageCache.m */,
				5BF05F641B4E5F7100CBC510 /* SDWebImageCompat.h */,
				5BF05F651B4E5F7100CBC510 /* SDWebImageCompat.m */,
				5BF05F661B4E5F7100CBC510 /* SDWebImageDecoder.h */,
				5BF05F671B4E5F7100CBC510 /* SDWebImageDecoder.m */,
				5BF05F681B4E5F7100CBC510 /* SDWebImageDownloader.h */,
				5BF05F691B4E5F7100CBC510 /* SDWebImageDownloader.m */,
				5BF05F6A1B4E5F7100CBC510 /* SDWebImageDownloaderOperation.h */,
				5BF05F6B1B4E5F7100CBC510 /* SDWebImageDownloaderOperation.m */,
				5BF05F6C1B4E5F7100CBC510 /* SDWebImageManager+MJ.h */,
				5BF05F6D1B4E5F7100CBC510 /* SDWebImageManager+MJ.m */,
				5BF05F6E1B4E5F7100CBC510 /* SDWebImageManager.h */,
				5BF05F6F1B4E5F7100CBC510 /* SDWebImageManager.m */,
				5BF05F701B4E5F7100CBC510 /* SDWebImageOperation.h */,
				5BF05F711B4E5F7100CBC510 /* SDWebImagePrefetcher.h */,
				5BF05F721B4E5F7100CBC510 /* SDWebImagePrefetcher.m */,
				5BF05F731B4E5F7100CBC510 /* UIButton+WebCache.h */,
				5BF05F741B4E5F7100CBC510 /* UIButton+WebCache.m */,
				5BF05F751B4E5F7100CBC510 /* UIImage+GIF.h */,
				5BF05F761B4E5F7100CBC510 /* UIImage+GIF.m */,
				5BF05F771B4E5F7100CBC510 /* UIImage+MultiFormat.h */,
				5BF05F781B4E5F7100CBC510 /* UIImage+MultiFormat.m */,
				5BF05F791B4E5F7100CBC510 /* UIImage+WebP.h */,
				5BF05F7A1B4E5F7100CBC510 /* UIImage+WebP.m */,
				5BF05F7B1B4E5F7100CBC510 /* UIImageView+MJWebCache.h */,
				5BF05F7C1B4E5F7100CBC510 /* UIImageView+MJWebCache.m */,
				5BF05F7D1B4E5F7100CBC510 /* UIImageView+WebCache.h */,
				5BF05F7E1B4E5F7100CBC510 /* UIImageView+WebCache.m */,
			);
			path = SDWebImage;
			sourceTree = "<group>";
		};
		5BF05F901B4E604C00CBC510 /* Model */ = {
			isa = PBXGroup;
			children = (
				5BF05F911B4E604C00CBC510 /* BaseViewController.h */,
				5BF05F921B4E604C00CBC510 /* BaseViewController.m */,
			);
			name = Model;
			path = Modules/Model;
			sourceTree = "<group>";
		};
		9F50E4F51B4E577600AB6BD8 = {
			isa = PBXGroup;
			children = (
				9F91E8081B4E5B5D0013F4F1 /* Framework */,
				9F50E5001B4E577600AB6BD8 /* bluebao */,
				9F50E51A1B4E577700AB6BD8 /* bluebaoTests */,
				9F50E4FF1B4E577600AB6BD8 /* Products */,
			);
			sourceTree = "<group>";
		};
		9F50E4FF1B4E577600AB6BD8 /* Products */ = {
			isa = PBXGroup;
			children = (
				9F50E4FE1B4E577600AB6BD8 /* bluebao.app */,
				9F50E5171B4E577700AB6BD8 /* bluebaoTests.xctest */,
			);
			name = Products;
			sourceTree = "<group>";
		};
		9F50E5001B4E577600AB6BD8 /* bluebao */ = {
			isa = PBXGroup;
			children = (
				9F50E50B1B4E577600AB6BD8 /* Main.storyboard */,
				9F50E5101B4E577600AB6BD8 /* LaunchScreen.xib */,
				9F91E7E41B4E5AE80013F4F1 /* Vendor */,
				9F91E7E11B4E5ABE0013F4F1 /* Common */,
				9F50E5281B4E57F100AB6BD8 /* Modules */,
				9F50E5011B4E577600AB6BD8 /* Supporting Files */,
			);
			path = bluebao;
			sourceTree = "<group>";
		};
		9F50E5011B4E577600AB6BD8 /* Supporting Files */ = {
			isa = PBXGroup;
			children = (
			);
			name = "Supporting Files";
			sourceTree = "<group>";
		};
		9F50E51A1B4E577700AB6BD8 /* bluebaoTests */ = {
			isa = PBXGroup;
			children = (
				9F50E51D1B4E577700AB6BD8 /* bluebaoTests.m */,
				9F50E51B1B4E577700AB6BD8 /* Supporting Files */,
			);
			path = bluebaoTests;
			sourceTree = "<group>";
		};
		9F50E51B1B4E577700AB6BD8 /* Supporting Files */ = {
			isa = PBXGroup;
			children = (
				9F50E51C1B4E577700AB6BD8 /* Info.plist */,
			);
			name = "Supporting Files";
			sourceTree = "<group>";
		};
		9F50E5281B4E57F100AB6BD8 /* Modules */ = {
			isa = PBXGroup;
			children = (
				5BF05F901B4E604C00CBC510 /* Model */,
				5BF05F421B4E5E1700CBC510 /* 登录 */,
				9F91E8021B4E5AFE0013F4F1 /* test */,
			);
			name = Modules;
			sourceTree = "<group>";
		};
		9F91E7E11B4E5ABE0013F4F1 /* Common */ = {
			isa = PBXGroup;
			children = (
				9F91E7D71B4E5AB70013F4F1 /* AppDelegate.h */,
				9F91E7D81B4E5AB70013F4F1 /* AppDelegate.m */,
				9F91E7D91B4E5AB70013F4F1 /* Info.plist */,
				9F91E7DA1B4E5AB70013F4F1 /* main.m */,
				9F91E7DB1B4E5AB70013F4F1 /* ViewController.h */,
				9F91E7DC1B4E5AB70013F4F1 /* ViewController.m */,
			);
			name = Common;
			sourceTree = "<group>";
		};
		9F91E7E41B4E5AE80013F4F1 /* Vendor */ = {
			isa = PBXGroup;
			children = (
				5BF05F5B1B4E5F7100CBC510 /* SDWebImage */,
				5BF05F481B4E5EF300CBC510 /* Category */,
				9F91E7E51B4E5AE80013F4F1 /* AFNetworking */,
			);
			path = Vendor;
			sourceTree = "<group>";
		};
		9F91E7E51B4E5AE80013F4F1 /* AFNetworking */ = {
			isa = PBXGroup;
			children = (
				9F91E7E61B4E5AE80013F4F1 /* AFHTTPRequestOperation.h */,
				9F91E7E71B4E5AE80013F4F1 /* AFHTTPRequestOperation.m */,
				9F91E7E81B4E5AE80013F4F1 /* AFHTTPRequestOperationManager.h */,
				9F91E7E91B4E5AE80013F4F1 /* AFHTTPRequestOperationManager.m */,
				9F91E7EA1B4E5AE80013F4F1 /* AFHTTPSessionManager.h */,
				9F91E7EB1B4E5AE80013F4F1 /* AFHTTPSessionManager.m */,
				9F91E7EC1B4E5AE80013F4F1 /* AFNetworking.h */,
				9F91E7ED1B4E5AE80013F4F1 /* AFNetworkReachabilityManager.h */,
				9F91E7EE1B4E5AE80013F4F1 /* AFNetworkReachabilityManager.m */,
				9F91E7EF1B4E5AE80013F4F1 /* AFSecurityPolicy.h */,
				9F91E7F01B4E5AE80013F4F1 /* AFSecurityPolicy.m */,
				9F91E7F11B4E5AE80013F4F1 /* AFURLConnectionOperation.h */,
				9F91E7F21B4E5AE80013F4F1 /* AFURLConnectionOperation.m */,
				9F91E7F31B4E5AE80013F4F1 /* AFURLRequestSerialization.h */,
				9F91E7F41B4E5AE80013F4F1 /* AFURLRequestSerialization.m */,
				9F91E7F51B4E5AE80013F4F1 /* AFURLResponseSerialization.h */,
				9F91E7F61B4E5AE80013F4F1 /* AFURLResponseSerialization.m */,
				9F91E7F71B4E5AE80013F4F1 /* AFURLSessionManager.h */,
				9F91E7F81B4E5AE80013F4F1 /* AFURLSessionManager.m */,
			);
			path = AFNetworking;
			sourceTree = "<group>";
		};
		9F91E8081B4E5B5D0013F4F1 /* Framework */ = {
			isa = PBXGroup;
			children = (
				9F91E8061B4E5B570013F4F1 /* CFNetwork.framework */,
				9F91E8041B4E5B440013F4F1 /* CoreBluetooth.framework */,
			);
			name = Framework;
			sourceTree = "<group>";
		};
/* End PBXGroup section */

/* Begin PBXNativeTarget section */
		9F50E4FD1B4E577600AB6BD8 /* bluebao */ = {
			isa = PBXNativeTarget;
			buildConfigurationList = 9F50E5211B4E577700AB6BD8 /* Build configuration list for PBXNativeTarget "bluebao" */;
			buildPhases = (
				9F50E4FA1B4E577600AB6BD8 /* Sources */,
				9F50E4FB1B4E577600AB6BD8 /* Frameworks */,
				9F50E4FC1B4E577600AB6BD8 /* Resources */,
			);
			buildRules = (
			);
			dependencies = (
			);
			name = bluebao;
			productName = bluebao;
			productReference = 9F50E4FE1B4E577600AB6BD8 /* bluebao.app */;
			productType = "com.apple.product-type.application";
		};
		9F50E5161B4E577700AB6BD8 /* bluebaoTests */ = {
			isa = PBXNativeTarget;
			buildConfigurationList = 9F50E5241B4E577700AB6BD8 /* Build configuration list for PBXNativeTarget "bluebaoTests" */;
			buildPhases = (
				9F50E5131B4E577700AB6BD8 /* Sources */,
				9F50E5141B4E577700AB6BD8 /* Frameworks */,
				9F50E5151B4E577700AB6BD8 /* Resources */,
			);
			buildRules = (
			);
			dependencies = (
				9F50E5191B4E577700AB6BD8 /* PBXTargetDependency */,
			);
			name = bluebaoTests;
			productName = bluebaoTests;
			productReference = 9F50E5171B4E577700AB6BD8 /* bluebaoTests.xctest */;
			productType = "com.apple.product-type.bundle.unit-test";
		};
/* End PBXNativeTarget section */

/* Begin PBXProject section */
		9F50E4F61B4E577600AB6BD8 /* Project object */ = {
			isa = PBXProject;
			attributes = {
				LastUpgradeCheck = 0640;
				ORGANIZATIONNAME = Boye;
				TargetAttributes = {
					9F50E4FD1B4E577600AB6BD8 = {
						CreatedOnToolsVersion = 6.4;
						DevelopmentTeam = QBJ8W8P54N;
					};
					9F50E5161B4E577700AB6BD8 = {
						CreatedOnToolsVersion = 6.4;
						TestTargetID = 9F50E4FD1B4E577600AB6BD8;
					};
				};
			};
			buildConfigurationList = 9F50E4F91B4E577600AB6BD8 /* Build configuration list for PBXProject "bluebao" */;
			compatibilityVersion = "Xcode 3.2";
			developmentRegion = English;
			hasScannedForEncodings = 0;
			knownRegions = (
				en,
				Base,
			);
			mainGroup = 9F50E4F51B4E577600AB6BD8;
			productRefGroup = 9F50E4FF1B4E577600AB6BD8 /* Products */;
			projectDirPath = "";
			projectRoot = "";
			targets = (
				9F50E4FD1B4E577600AB6BD8 /* bluebao */,
				9F50E5161B4E577700AB6BD8 /* bluebaoTests */,
			);
		};
/* End PBXProject section */

/* Begin PBXResourcesBuildPhase section */
		9F50E4FC1B4E577600AB6BD8 /* Resources */ = {
			isa = PBXResourcesBuildPhase;
			buildActionMask = 2147483647;
			files = (
				5BF05F471B4E5E1700CBC510 /* LoginVC.xib in Resources */,
				9F91E8031B4E5AFE0013F4F1 /* test in Resources */,
				9F50E50D1B4E577600AB6BD8 /* Main.storyboard in Resources */,
				9F50E5121B4E577600AB6BD8 /* LaunchScreen.xib in Resources */,
				5BF05F9A1B4E610500CBC510 /* RegistVC.xib in Resources */,
				9F91E7DE1B4E5AB70013F4F1 /* Info.plist in Resources */,
			);
			runOnlyForDeploymentPostprocessing = 0;
		};
		9F50E5151B4E577700AB6BD8 /* Resources */ = {
			isa = PBXResourcesBuildPhase;
			buildActionMask = 2147483647;
			files = (
			);
			runOnlyForDeploymentPostprocessing = 0;
		};
/* End PBXResourcesBuildPhase section */

/* Begin PBXSourcesBuildPhase section */
		9F50E4FA1B4E577600AB6BD8 /* Sources */ = {
			isa = PBXSourcesBuildPhase;
			buildActionMask = 2147483647;
			files = (
				5BF05F591B4E5EF300CBC510 /* UIViewController+DismissKeyboard.m in Sources */,
				5BF05F831B4E5F7100CBC510 /* SDWebImageCompat.m in Sources */,
				5BF05F871B4E5F7100CBC510 /* SDWebImageManager+MJ.m in Sources */,
				9F91E7F91B4E5AE80013F4F1 /* AFHTTPRequestOperation.m in Sources */,
				5BF05F821B4E5F7100CBC510 /* SDImageCache.m in Sources */,
				5BF05F461B4E5E1700CBC510 /* LoginVC.m in Sources */,
				5BF05F991B4E610500CBC510 /* RegistVC.m in Sources */,
				9F91E7E01B4E5AB70013F4F1 /* ViewController.m in Sources */,
				5BF05F801B4E5F7100CBC510 /* NSData+GIF.m in Sources */,
				9F91E7FA1B4E5AE80013F4F1 /* AFHTTPRequestOperationManager.m in Sources */,
				9F91E7FC1B4E5AE80013F4F1 /* AFNetworkReachabilityManager.m in Sources */,
				5BF05F8C1B4E5F7100CBC510 /* UIImage+MultiFormat.m in Sources */,
				5BF05F8B1B4E5F7100CBC510 /* UIImage+GIF.m in Sources */,
				5BF05F9B1B4E610500CBC510 /* UserInfo.m in Sources */,
				5BF05F571B4E5EF300CBC510 /* UIImage+Color.m in Sources */,
				9F91E8001B4E5AE80013F4F1 /* AFURLResponseSerialization.m in Sources */,
				5BF05F8F1B4E5F7100CBC510 /* UIImageView+WebCache.m in Sources */,
				5BF05F8A1B4E5F7100CBC510 /* UIButton+WebCache.m in Sources */,
				5BF05F581B4E5EF300CBC510 /* UIImageView+MJWebCache.m in Sources */,
				5BF05F841B4E5F7100CBC510 /* SDWebImageDecoder.m in Sources */,
				5BF05F811B4E5F7100CBC510 /* NSData+ImageContentType.m in Sources */,
				5BF05F5A1B4E5EF300CBC510 /* UIViewExt.m in Sources */,
				5BF05F861B4E5F7100CBC510 /* SDWebImageDownloaderOperation.m in Sources */,
				9F91E7FE1B4E5AE80013F4F1 /* AFURLConnectionOperation.m in Sources */,
				9F91E7FD1B4E5AE80013F4F1 /* AFSecurityPolicy.m in Sources */,
				9F91E7FB1B4E5AE80013F4F1 /* AFHTTPSessionManager.m in Sources */,
				5BF05F8E1B4E5F7100CBC510 /* UIImageView+MJWebCache.m in Sources */,
				5BF05F7F1B4E5F7100CBC510 /* MKAnnotationView+WebCache.m in Sources */,
				5BF05F891B4E5F7100CBC510 /* SDWebImagePrefetcher.m in Sources */,
				5BF05F8D1B4E5F7100CBC510 /* UIImage+WebP.m in Sources */,
				5BF05F881B4E5F7100CBC510 /* SDWebImageManager.m in Sources */,
				9F91E7FF1B4E5AE80013F4F1 /* AFURLRequestSerialization.m in Sources */,
				5BF05F851B4E5F7100CBC510 /* SDWebImageDownloader.m in Sources */,
				5BF05F551B4E5EF300CBC510 /* BaseTextField.m in Sources */,
				5BF05F931B4E604C00CBC510 /* BaseViewController.m in Sources */,
				9F91E8011B4E5AE80013F4F1 /* AFURLSessionManager.m in Sources */,
				9F91E7DF1B4E5AB70013F4F1 /* main.m in Sources */,
				5BF05F561B4E5EF300CBC510 /* UIColor+Color.m in Sources */,
				9F91E7DD1B4E5AB70013F4F1 /* AppDelegate.m in Sources */,
			);
			runOnlyForDeploymentPostprocessing = 0;
		};
		9F50E5131B4E577700AB6BD8 /* Sources */ = {
			isa = PBXSourcesBuildPhase;
			buildActionMask = 2147483647;
			files = (
				9F50E51E1B4E577700AB6BD8 /* bluebaoTests.m in Sources */,
			);
			runOnlyForDeploymentPostprocessing = 0;
		};
/* End PBXSourcesBuildPhase section */

/* Begin PBXTargetDependency section */
		9F50E5191B4E577700AB6BD8 /* PBXTargetDependency */ = {
			isa = PBXTargetDependency;
			target = 9F50E4FD1B4E577600AB6BD8 /* bluebao */;
			targetProxy = 9F50E5181B4E577700AB6BD8 /* PBXContainerItemProxy */;
		};
/* End PBXTargetDependency section */

/* Begin PBXVariantGroup section */
		9F50E50B1B4E577600AB6BD8 /* Main.storyboard */ = {
			isa = PBXVariantGroup;
			children = (
				9F50E50C1B4E577600AB6BD8 /* Base */,
			);
			name = Main.storyboard;
			sourceTree = "<group>";
		};
		9F50E5101B4E577600AB6BD8 /* LaunchScreen.xib */ = {
			isa = PBXVariantGroup;
			children = (
				9F50E5111B4E577600AB6BD8 /* Base */,
			);
			name = LaunchScreen.xib;
			sourceTree = "<group>";
		};
/* End PBXVariantGroup section */

/* Begin XCBuildConfiguration section */
		9F50E51F1B4E577700AB6BD8 /* Debug */ = {
			isa = XCBuildConfiguration;
			buildSettings = {
				ALWAYS_SEARCH_USER_PATHS = NO;
				CLANG_CXX_LANGUAGE_STANDARD = "gnu++0x";
				CLANG_CXX_LIBRARY = "libc++";
				CLANG_ENABLE_MODULES = YES;
				CLANG_ENABLE_OBJC_ARC = YES;
				CLANG_WARN_BOOL_CONVERSION = YES;
				CLANG_WARN_CONSTANT_CONVERSION = YES;
				CLANG_WARN_DIRECT_OBJC_ISA_USAGE = YES_ERROR;
				CLANG_WARN_EMPTY_BODY = YES;
				CLANG_WARN_ENUM_CONVERSION = YES;
				CLANG_WARN_INT_CONVERSION = YES;
				CLANG_WARN_OBJC_ROOT_CLASS = YES_ERROR;
				CLANG_WARN_UNREACHABLE_CODE = YES;
				CLANG_WARN__DUPLICATE_METHOD_MATCH = YES;
				"CODE_SIGN_IDENTITY[sdk=iphoneos*]" = "iPhone Developer";
				COPY_PHASE_STRIP = NO;
				DEBUG_INFORMATION_FORMAT = "dwarf-with-dsym";
				ENABLE_STRICT_OBJC_MSGSEND = YES;
				GCC_C_LANGUAGE_STANDARD = gnu99;
				GCC_DYNAMIC_NO_PIC = NO;
				GCC_NO_COMMON_BLOCKS = YES;
				GCC_OPTIMIZATION_LEVEL = 0;
				GCC_PREPROCESSOR_DEFINITIONS = (
					"DEBUG=1",
					"$(inherited)",
				);
				GCC_SYMBOLS_PRIVATE_EXTERN = NO;
				GCC_WARN_64_TO_32_BIT_CONVERSION = YES;
				GCC_WARN_ABOUT_RETURN_TYPE = YES_ERROR;
				GCC_WARN_UNDECLARED_SELECTOR = YES;
				GCC_WARN_UNINITIALIZED_AUTOS = YES_AGGRESSIVE;
				GCC_WARN_UNUSED_FUNCTION = YES;
				GCC_WARN_UNUSED_VARIABLE = YES;
				IPHONEOS_DEPLOYMENT_TARGET = 8.4;
				MTL_ENABLE_DEBUG_INFO = YES;
				ONLY_ACTIVE_ARCH = YES;
				SDKROOT = iphoneos;
			};
			name = Debug;
		};
		9F50E5201B4E577700AB6BD8 /* Release */ = {
			isa = XCBuildConfiguration;
			buildSettings = {
				ALWAYS_SEARCH_USER_PATHS = NO;
				CLANG_CXX_LANGUAGE_STANDARD = "gnu++0x";
				CLANG_CXX_LIBRARY = "libc++";
				CLANG_ENABLE_MODULES = YES;
				CLANG_ENABLE_OBJC_ARC = YES;
				CLANG_WARN_BOOL_CONVERSION = YES;
				CLANG_WARN_CONSTANT_CONVERSION = YES;
				CLANG_WARN_DIRECT_OBJC_ISA_USAGE = YES_ERROR;
				CLANG_WARN_EMPTY_BODY = YES;
				CLANG_WARN_ENUM_CONVERSION = YES;
				CLANG_WARN_INT_CONVERSION = YES;
				CLANG_WARN_OBJC_ROOT_CLASS = YES_ERROR;
				CLANG_WARN_UNREACHABLE_CODE = YES;
				CLANG_WARN__DUPLICATE_METHOD_MATCH = YES;
				"CODE_SIGN_IDENTITY[sdk=iphoneos*]" = "iPhone Developer";
				COPY_PHASE_STRIP = NO;
				DEBUG_INFORMATION_FORMAT = "dwarf-with-dsym";
				ENABLE_NS_ASSERTIONS = NO;
				ENABLE_STRICT_OBJC_MSGSEND = YES;
				GCC_C_LANGUAGE_STANDARD = gnu99;
				GCC_NO_COMMON_BLOCKS = YES;
				GCC_WARN_64_TO_32_BIT_CONVERSION = YES;
				GCC_WARN_ABOUT_RETURN_TYPE = YES_ERROR;
				GCC_WARN_UNDECLARED_SELECTOR = YES;
				GCC_WARN_UNINITIALIZED_AUTOS = YES_AGGRESSIVE;
				GCC_WARN_UNUSED_FUNCTION = YES;
				GCC_WARN_UNUSED_VARIABLE = YES;
				IPHONEOS_DEPLOYMENT_TARGET = 8.4;
				MTL_ENABLE_DEBUG_INFO = NO;
				SDKROOT = iphoneos;
				VALIDATE_PRODUCT = YES;
			};
			name = Release;
		};
		9F50E5221B4E577700AB6BD8 /* Debug */ = {
			isa = XCBuildConfiguration;
			buildSettings = {
				CODE_SIGN_IDENTITY = "iPhone Developer";
				INFOPLIST_FILE = "$(SRCROOT)/bluebao/Common/Info.plist";
				IPHONEOS_DEPLOYMENT_TARGET = 8.0;
				LD_RUNPATH_SEARCH_PATHS = "$(inherited) @executable_path/Frameworks";
				PRODUCT_NAME = "$(TARGET_NAME)";
			};
			name = Debug;
		};
		9F50E5231B4E577700AB6BD8 /* Release */ = {
			isa = XCBuildConfiguration;
			buildSettings = {
				CODE_SIGN_IDENTITY = "iPhone Developer";
				INFOPLIST_FILE = "$(SRCROOT)/bluebao/Common/Info.plist";
				IPHONEOS_DEPLOYMENT_TARGET = 8.0;
				LD_RUNPATH_SEARCH_PATHS = "$(inherited) @executable_path/Frameworks";
				PRODUCT_NAME = "$(TARGET_NAME)";
			};
			name = Release;
		};
		9F50E5251B4E577700AB6BD8 /* Debug */ = {
			isa = XCBuildConfiguration;
			buildSettings = {
				BUNDLE_LOADER = "$(TEST_HOST)";
				FRAMEWORK_SEARCH_PATHS = (
					"$(SDKROOT)/Developer/Library/Frameworks",
					"$(inherited)",
				);
				GCC_PREPROCESSOR_DEFINITIONS = (
					"DEBUG=1",
					"$(inherited)",
				);
				INFOPLIST_FILE = bluebaoTests/Info.plist;
				LD_RUNPATH_SEARCH_PATHS = "$(inherited) @executable_path/Frameworks @loader_path/Frameworks";
				PRODUCT_NAME = "$(TARGET_NAME)";
				TEST_HOST = "$(BUILT_PRODUCTS_DIR)/bluebao.app/bluebao";
			};
			name = Debug;
		};
		9F50E5261B4E577700AB6BD8 /* Release */ = {
			isa = XCBuildConfiguration;
			buildSettings = {
				BUNDLE_LOADER = "$(TEST_HOST)";
				FRAMEWORK_SEARCH_PATHS = (
					"$(SDKROOT)/Developer/Library/Frameworks",
					"$(inherited)",
				);
				INFOPLIST_FILE = bluebaoTests/Info.plist;
				LD_RUNPATH_SEARCH_PATHS = "$(inherited) @executable_path/Frameworks @loader_path/Frameworks";
				PRODUCT_NAME = "$(TARGET_NAME)";
				TEST_HOST = "$(BUILT_PRODUCTS_DIR)/bluebao.app/bluebao";
			};
			name = Release;
		};
/* End XCBuildConfiguration section */

/* Begin XCConfigurationList section */
		9F50E4F91B4E577600AB6BD8 /* Build configuration list for PBXProject "bluebao" */ = {
			isa = XCConfigurationList;
			buildConfigurations = (
				9F50E51F1B4E577700AB6BD8 /* Debug */,
				9F50E5201B4E577700AB6BD8 /* Release */,
			);
			defaultConfigurationIsVisible = 0;
			defaultConfigurationName = Release;
		};
		9F50E5211B4E577700AB6BD8 /* Build configuration list for PBXNativeTarget "bluebao" */ = {
			isa = XCConfigurationList;
			buildConfigurations = (
				9F50E5221B4E577700AB6BD8 /* Debug */,
				9F50E5231B4E577700AB6BD8 /* Release */,
			);
			defaultConfigurationIsVisible = 0;
			defaultConfigurationName = Release;
		};
		9F50E5241B4E577700AB6BD8 /* Build configuration list for PBXNativeTarget "bluebaoTests" */ = {
			isa = XCConfigurationList;
			buildConfigurations = (
				9F50E5251B4E577700AB6BD8 /* Debug */,
				9F50E5261B4E577700AB6BD8 /* Release */,
			);
			defaultConfigurationIsVisible = 0;
			defaultConfigurationName = Release;
		};
/* End XCConfigurationList section */
	};
	rootObject = 9F50E4F61B4E577600AB6BD8 /* Project object */;
}
